
Microsoft Visual Studio Solution File, Format Version 12.00
# Visual Studio Version 17
VisualStudioVersion = 17.9.34723.18
MinimumVisualStudioVersion = 10.0.40219.1
Project("{2150E333-8FDC-42A3-9474-1A3956D46DE8}") = "src", "src", "{6A86C023-DA67-4A05-8DD4-76FD7C588723}"
EndProject
Project("{9A19103F-16F7-4668-BE54-9A1E7A4F7556}") = "Domain", "src\Domain\Domain.csproj", "{79E346BC-9B2A-4E00-B077-63E1A8BBE25F}"
EndProject
Project("{9A19103F-16F7-4668-BE54-9A1E7A4F7556}") = "Application", "src\Application\Application.csproj", "{B56A258C-ED6E-47DD-9153-7446218C3FBA}"
EndProject
Project("{9A19103F-16F7-4668-BE54-9A1E7A4F7556}") = "Infrastructure", "src\Infrastructure\Infrastructure.csproj", "{CBDCF2C3-06B1-4444-991D-BECEA8820E50}"
EndProject
Project("{9A19103F-16F7-4668-BE54-9A1E7A4F7556}") = "WebApi", "src\WebApi\WebApi.csproj", "{30D61F7D-C919-4243-8B00-014F7AFE79AA}"
EndProject
Project("{2150E333-8FDC-42A3-9474-1A3956D46DE8}") = "test", "test", "{19B7841B-F894-40E4-9C99-58290F91A0DA}"
EndProject
Project("{FAE04EC0-301F-11D3-BF4B-00C04F79EFBC}") = "ApplicationTest", "test\ApplicationTest\ApplicationTest.csproj", "{F7C3187F-9CFD-4BCE-A23D-9AA4C5B5E083}"
EndProject
Global
	GlobalSection(SolutionConfigurationPlatforms) = preSolution
		Debug|Any CPU = Debug|Any CPU
		Release|Any CPU = Release|Any CPU
	EndGlobalSection
	GlobalSection(ProjectConfigurationPlatforms) = postSolution
		{79E346BC-9B2A-4E00-B077-63E1A8BBE25F}.Debug|Any CPU.ActiveCfg = Debug|Any CPU
		{79E346BC-9B2A-4E00-B077-63E1A8BBE25F}.Debug|Any CPU.Build.0 = Debug|Any CPU
		{79E346BC-9B2A-4E00-B077-63E1A8BBE25F}.Release|Any CPU.ActiveCfg = Release|Any CPU
		{79E346BC-9B2A-4E00-B077-63E1A8BBE25F}.Release|Any CPU.Build.0 = Release|Any CPU
		{B56A258C-ED6E-47DD-9153-7446218C3FBA}.Debug|Any CPU.ActiveCfg = Debug|Any CPU
		{B56A258C-ED6E-47DD-9153-7446218C3FBA}.Debug|Any CPU.Build.0 = Debug|Any CPU
		{B56A258C-ED6E-47DD-9153-7446218C3FBA}.Release|Any CPU.ActiveCfg = Release|Any CPU
		{B56A258C-ED6E-47DD-9153-7446218C3FBA}.Release|Any CPU.Build.0 = Release|Any CPU
		{CBDCF2C3-06B1-4444-991D-BECEA8820E50}.Debug|Any CPU.ActiveCfg = Debug|Any CPU
		{CBDCF2C3-06B1-4444-991D-BECEA8820E50}.Debug|Any CPU.Build.0 = Debug|Any CPU
		{CBDCF2C3-06B1-4444-991D-BECEA8820E50}.Release|Any CPU.ActiveCfg = Release|Any CPU
		{CBDCF2C3-06B1-4444-991D-BECEA8820E50}.Release|Any CPU.Build.0 = Release|Any CPU
		{30D61F7D-C919-4243-8B00-014F7AFE79AA}.Debug|Any CPU.ActiveCfg = Debug|Any CPU
		{30D61F7D-C919-4243-8B00-014F7AFE79AA}.Debug|Any CPU.Build.0 = Debug|Any CPU
		{30D61F7D-C919-4243-8B00-014F7AFE79AA}.Release|Any CPU.ActiveCfg = Release|Any CPU
		{30D61F7D-C919-4243-8B00-014F7AFE79AA}.Release|Any CPU.Build.0 = Release|Any CPU
		{F7C3187F-9CFD-4BCE-A23D-9AA4C5B5E083}.Debug|Any CPU.ActiveCfg = Debug|Any CPU
		{F7C3187F-9CFD-4BCE-A23D-9AA4C5B5E083}.Debug|Any CPU.Build.0 = Debug|Any CPU
		{F7C3187F-9CFD-4BCE-A23D-9AA4C5B5E083}.Release|Any CPU.ActiveCfg = Release|Any CPU
		{F7C3187F-9CFD-4BCE-A23D-9AA4C5B5E083}.Release|Any CPU.Build.0 = Release|Any CPU
	EndGlobalSection
	GlobalSection(SolutionProperties) = preSolution
		HideSolutionNode = FALSE
	EndGlobalSection
	GlobalSection(NestedProjects) = preSolution
		{79E346BC-9B2A-4E00-B077-63E1A8BBE25F} = {6A86C023-DA67-4A05-8DD4-76FD7C588723}
		{B56A258C-ED6E-47DD-9153-7446218C3FBA} = {6A86C023-DA67-4A05-8DD4-76FD7C588723}
		{CBDCF2C3-06B1-4444-991D-BECEA8820E50} = {6A86C023-DA67-4A05-8DD4-76FD7C588723}
		{30D61F7D-C919-4243-8B00-014F7AFE79AA} = {6A86C023-DA67-4A05-8DD4-76FD7C588723}
		{F7C3187F-9CFD-4BCE-A23D-9AA4C5B5E083} = {19B7841B-F894-40E4-9C99-58290F91A0DA}
	EndGlobalSection
	GlobalSection(ExtensibilityGlobals) = postSolution
		SolutionGuid = {624DD342-4A44-410E-9B37-1D9040BEC5A4}
	EndGlobalSection
EndGlobal
